<?xml version="1.0" encoding="utf-8"?>
<Project ToolsVersion="4.0" xmlns="http://schemas.microsoft.com/developer/msbuild/2003">
  <ItemGroup>
    <Filter Include="Source Files">
      <UniqueIdentifier>{4FC737F1-C7A5-4376-A066-2A32D752A2FF}</UniqueIdentifier>
      <Extensions>cpp;c;cc;cxx;def;odl;idl;hpj;bat;asm;asmx</Extensions>
    </Filter>
    <Filter Include="Header Files">
      <UniqueIdentifier>{93995380-89BD-4b04-88EB-625FBE52EBFB}</UniqueIdentifier>
      <Extensions>h;hh;hpp;hxx;hm;inl;inc;xsd</Extensions>
    </Filter>
    <Filter Include="Resource Files">
      <UniqueIdentifier>{67DA6AB6-F800-4c08-8B7A-83BB121AAD01}</UniqueIdentifier>
      <Extensions>rc;ico;cur;bmp;dlg;rc2;rct;bin;rgs;gif;jpg;jpeg;jpe;resx;tiff;tif;png;wav;mfcribbon-ms</Extensions>
    </Filter>
    <Filter Include="Header Files\libraries">
      <UniqueIdentifier>{910a817f-5f1b-4245-8e7c-8f4674e8e104}</UniqueIdentifier>
    </Filter>
    <Filter Include="Header Files\structs">
      <UniqueIdentifier>{6c240ae0-4211-4ffa-a0e1-3b22d851a18a}</UniqueIdentifier>
    </Filter>
    <Filter Include="Header Files\hooks">
      <UniqueIdentifier>{a3fb9794-0ca0-48b4-804d-1def266281df}</UniqueIdentifier>
    </Filter>
    <Filter Include="Header Files\functions">
      <UniqueIdentifier>{dc41a1ff-b4c0-4888-8954-1f93156ab39a}</UniqueIdentifier>
    </Filter>
  </ItemGroup>
  <ItemGroup>
    <ClInclude Include="sdk.h">
      <Filter>Header Files</Filter>
    </ClInclude>
    <ClInclude Include="libraries\interfaces.h">
      <Filter>Header Files\libraries</Filter>
    </ClInclude>
    <ClInclude Include="libraries\math.h">
      <Filter>Header Files\libraries</Filter>
    </ClInclude>
    <ClInclude Include="libraries\vmt.h">
      <Filter>Header Files\libraries</Filter>
    </ClInclude>
    <ClInclude Include="structs\baseentity.h">
      <Filter>Header Files\structs</Filter>
    </ClInclude>
    <ClInclude Include="structs\checksum_md5.h">
      <Filter>Header Files\structs</Filter>
    </ClInclude>
    <ClInclude Include="structs\client.h">
      <Filter>Header Files\structs</Filter>
    </ClInclude>
    <ClInclude Include="structs\cliententlist.h">
      <Filter>Header Files\structs</Filter>
    </ClInclude>
    <ClInclude Include="structs\crc32.h">
      <Filter>Header Files\structs</Filter>
    </ClInclude>
    <ClInclude Include="structs\cvar.h">
      <Filter>Header Files\structs</Filter>
    </ClInclude>
    <ClInclude Include="structs\dt_common2.h">
      <Filter>Header Files\structs</Filter>
    </ClInclude>
    <ClInclude Include="structs\dt_recv2.h">
      <Filter>Header Files\structs</Filter>
    </ClInclude>
    <ClInclude Include="structs\engine.h">
      <Filter>Header Files\structs</Filter>
    </ClInclude>
    <ClInclude Include="structs\globals.h">
      <Filter>Header Files\structs</Filter>
    </ClInclude>
    <ClInclude Include="structs\input.h">
      <Filter>Header Files\structs</Filter>
    </ClInclude>
    <ClInclude Include="structs\modelinfo.h">
      <Filter>Header Files\structs</Filter>
    </ClInclude>
    <ClInclude Include="structs\panel.h">
      <Filter>Header Files\structs</Filter>
    </ClInclude>
    <ClInclude Include="structs\playerinfo.h">
      <Filter>Header Files\structs</Filter>
    </ClInclude>
    <ClInclude Include="structs\quaternion.h">
      <Filter>Header Files\structs</Filter>
    </ClInclude>
    <ClInclude Include="structs\surface.h">
      <Filter>Header Files\structs</Filter>
    </ClInclude>
    <ClInclude Include="structs\trace.h">
      <Filter>Header Files\structs</Filter>
    </ClInclude>
    <ClInclude Include="structs\usercmd.h">
      <Filter>Header Files\structs</Filter>
    </ClInclude>
    <ClInclude Include="structs\vector.h">
      <Filter>Header Files\structs</Filter>
    </ClInclude>
    <ClInclude Include="structs\vmatrix.h">
      <Filter>Header Files\structs</Filter>
    </ClInclude>
    <ClInclude Include="definitions.h">
      <Filter>Header Files</Filter>
    </ClInclude>
    <ClInclude Include="indexes.h">
      <Filter>Header Files</Filter>
    </ClInclude>
    <ClInclude Include="hooks.h">
      <Filter>Header Files\hooks</Filter>
    </ClInclude>
    <ClInclude Include="render.h">
      <Filter>Header Files\structs</Filter>
    </ClInclude>
    <ClInclude Include="color.h">
      <Filter>Header Files\libraries</Filter>
    </ClInclude>
    <ClInclude Include="esp.h">
      <Filter>Header Files\functions</Filter>
    </ClInclude>
    <ClInclude Include="triggerbot.h">
      <Filter>Header Files\functions</Filter>
    </ClInclude>
    <ClInclude Include="bunnyhop.h">
      <Filter>Header Files\functions</Filter>
    </ClInclude>
  </ItemGroup>
  <ItemGroup>
    <ClCompile Include="structs\checksum_md5.cpp">
      <Filter>Header Files\structs</Filter>
    </ClCompile>
    <ClCompile Include="main.cpp">
      <Filter>Source Files</Filter>
    </ClCompile>
  </ItemGroup>
</Project>